
Microsoft Visual Studio Solution File, Format Version 12.00
# Visual Studio 15
VisualStudioVersion = 15.0.26430.6
MinimumVisualStudioVersion = 10.0.40219.1
Project("{FAE04EC0-301F-11D3-BF4B-00C04F79EFBC}") = "Sitecore.DataBlaster", "..\src\Sitecore.DataBlaster\Sitecore.DataBlaster.csproj", "{D5B8428D-84FD-48BC-B722-7F9ECA73A43A}"
EndProject
Project("{FAE04EC0-301F-11D3-BF4B-00C04F79EFBC}") = "Unicorn.DataBlaster", "..\src\Unicorn.DataBlaster\Unicorn.DataBlaster.csproj", "{2B27B2B1-BBCA-4F0D-A604-68FF0713DC21}"
EndProject
Global
	GlobalSection(SolutionConfigurationPlatforms) = preSolution
		Debug|Any CPU = Debug|Any CPU
		Release|Any CPU = Release|Any CPU
	EndGlobalSection
	GlobalSection(ProjectConfigurationPlatforms) = postSolution
		{D5B8428D-84FD-48BC-B722-7F9ECA73A43A}.Debug|Any CPU.ActiveCfg = Debug|Any CPU
		{D5B8428D-84FD-48BC-B722-7F9ECA73A43A}.Debug|Any CPU.Build.0 = Debug|Any CPU
		{D5B8428D-84FD-48BC-B722-7F9ECA73A43A}.Release|Any CPU.ActiveCfg = Release|Any CPU
		{D5B8428D-84FD-48BC-B722-7F9ECA73A43A}.Release|Any CPU.Build.0 = Release|Any CPU
		{2B27B2B1-BBCA-4F0D-A604-68FF0713DC21}.Debug|Any CPU.ActiveCfg = Debug|Any CPU
		{2B27B2B1-BBCA-4F0D-A604-68FF0713DC21}.Debug|Any CPU.Build.0 = Debug|Any CPU
		{2B27B2B1-BBCA-4F0D-A604-68FF0713DC21}.Release|Any CPU.ActiveCfg = Release|Any CPU
		{2B27B2B1-BBCA-4F0D-A604-68FF0713DC21}.Release|Any CPU.Build.0 = Release|Any CPU
	EndGlobalSection
	GlobalSection(SolutionProperties) = preSolution
		HideSolutionNode = FALSE
	EndGlobalSection
EndGlobal
